{
  "nodes": {
    "cargo2nix": {
      "inputs": {
        "flake-utils": "flake-utils",
        "nixpkgs": [
          "nixpkgs"
        ],
        "rust-overlay": "rust-overlay"
      },
      "locked": {
        "lastModified": 1648397583,
        "narHash": "sha256-g1Ej9APkfHjGd9ExBDvpmyAvsKcfMOsNH6p95xc8E/Y=",
        "owner": "cargo2nix",
        "repo": "cargo2nix",
        "rev": "4362ae00fe824d120e94dd5d6f6e63969dc3d264",
        "type": "github"
      },
      "original": {
        "owner": "cargo2nix",
        "repo": "cargo2nix",
        "type": "github"
      }
    },
    "flake-compat": {
      "flake": false,
      "locked": {
        "lastModified": 1648199409,
        "narHash": "sha256-JwPKdC2PoVBkG6E+eWw3j6BMR6sL3COpYWfif7RVb8Y=",
        "owner": "edolstra",
        "repo": "flake-compat",
        "rev": "64a525ee38886ab9028e6f61790de0832aa3ef03",
        "type": "github"
      },
      "original": {
        "owner": "edolstra",
        "repo": "flake-compat",
        "type": "github"
      }
    },
    "flake-utils": {
      "locked": {
        "lastModified": 1638122382,
        "narHash": "sha256-sQzZzAbvKEqN9s0bzWuYmRaA03v40gaJ4+iL1LXjaeI=",
        "owner": "numtide",
        "repo": "flake-utils",
        "rev": "74f7e4319258e287b0f9cb95426c9853b282730b",
        "type": "github"
      },
      "original": {
        "owner": "numtide",
        "repo": "flake-utils",
        "type": "github"
      }
    },
    "flake-utils_2": {
      "locked": {
        "lastModified": 1648297722,
        "narHash": "sha256-W+qlPsiZd8F3XkzXOzAoR+mpFqzm3ekQkJNa+PIh1BQ=",
        "owner": "numtide",
        "repo": "flake-utils",
        "rev": "0f8662f1319ad6abf89b3380dd2722369fc51ade",
        "type": "github"
      },
      "original": {
        "owner": "numtide",
        "repo": "flake-utils",
        "type": "github"
      }
    },
    "gleam": {
      "flake": false,
      "locked": {
        "lastModified": 1648507383,
        "narHash": "sha256-zRrB3fm68MEsp9AjvIvkBOy2cbW/ykw7hO2KcWZz8xM=",
        "owner": "gleam-lang",
        "repo": "gleam",
        "rev": "2f36c1bf95bac34f1e0aa9868160f5fcbf93753c",
        "type": "github"
      },
      "original": {
        "owner": "gleam-lang",
        "repo": "gleam",
        "type": "github"
      }
    },
    "nixpkgs": {
      "locked": {
        "lastModified": 1637616815,
        "narHash": "sha256-fIgEoC+rw5kYZBkPtfMaL/MQddN05lGPH1ft+IqQ6UY=",
        "owner": "nixos",
        "repo": "nixpkgs",
        "rev": "e96c668072d7c98ddf2062f6d2b37f84909a572b",
        "type": "github"
      },
      "original": {
        "owner": "nixos",
        "ref": "22.05-pre",
        "repo": "nixpkgs",
        "type": "github"
      }
    },
    "root": {
      "inputs": {
        "cargo2nix": "cargo2nix",
        "flake-compat": "flake-compat",
        "flake-utils": "flake-utils_2",
        "gleam": "gleam",
        "nixpkgs": "nixpkgs",
        "rust-overlay": "rust-overlay_2"
      }
    },
    "rust-overlay": {
      "inputs": {
        "flake-utils": [
          "cargo2nix",
          "flake-utils"
        ],
        "nixpkgs": [
          "cargo2nix",
          "nixpkgs"
        ]
      },
      "locked": {
        "lastModified": 1638152159,
        "narHash": "sha256-Q0UHsm36cCxk16I/bF1rHJHxjIflESKk2ej76P39j90=",
        "owner": "oxalica",
        "repo": "rust-overlay",
        "rev": "d9a664513558376595e838b21348cdac0ba3115e",
        "type": "github"
      },
      "original": {
        "owner": "oxalica",
        "repo": "rust-overlay",
        "type": "github"
      }
    },
    "rust-overlay_2": {
      "inputs": {
        "flake-utils": [
          "flake-utils"
        ],
        "nixpkgs": [
          "nixpkgs"
        ]
      },
      "locked": {
        "lastModified": 1648694045,
        "narHash": "sha256-agxkWcTFdMNHJ28kmHOHtKbjI/Svxigi7SjQU0rjoRI=",
        "owner": "oxalica",
        "repo": "rust-overlay",
        "rev": "89bc2470e961048669227c041458b878f2e5fa56",
        "type": "github"
      },
      "original": {
        "owner": "oxalica",
        "repo": "rust-overlay",
        "type": "github"
      }
    }
  },
  "root": "root",
  "version": 7
}
